{
  "name": "@bnorth/rich.css",
  "version": "4.0.0",
  "lockfileVersion": 1,
  "requires": true,
  "dependencies": {
    "@babel/runtime": {
      "version": "7.4.4",
      "resolved": "https://registry.npm.taobao.org/@babel/runtime/download/@babel/runtime-7.4.4.tgz",
      "integrity": "sha1-3C40mC6yNoA6onoH/qaFevG5Fx0=",
      "requires": {
        "regenerator-runtime": "^0.13.2"
      }
    },
    "animate.css": {
      "version": "3.7.0",
      "resolved": "https://registry.npmjs.org/animate.css/-/animate.css-3.7.0.tgz",
      "integrity": "sha512-u3iMXDJr0cxMdQocIciDiou9Au4L5f9uT+/jCtprw3s1j3HcfCuI+khF+90Ps2KdsEhM2soF7SXB4WUvI3HlXg=="
    },
    "dom-helpers": {
      "version": "3.4.0",
      "resolved": "http://registry.npm.taobao.org/dom-helpers/download/dom-helpers-3.4.0.tgz",
      "integrity": "sha1-6bNpcA+Vn2Ls3lprq95LzNkWmvg=",
      "requires": {
        "@babel/runtime": "^7.1.2"
      }
    },
    "normalize.css": {
      "version": "8.0.0",
      "resolved": "https://registry.npmjs.org/normalize.css/-/normalize.css-8.0.0.tgz",
      "integrity": "sha512-iXcbM3NWr0XkNyfiSBsoPezi+0V92P9nj84yVV1/UZxRUrGczgX/X91KMAGM0omWLY2+2Q1gKD/XRn4gQRDB2A=="
    },
    "regenerator-runtime": {
      "version": "0.13.2",
      "resolved": "http://registry.npm.taobao.org/regenerator-runtime/download/regenerator-runtime-0.13.2.tgz",
      "integrity": "sha1-MuWcmm+5saSv8JtJMMotRHc0NEc="
    }
  }
}
