{
	"name": "@bnorth/components",
	"version": "4.1.0",
	"lockfileVersion": 1,
	"requires": true,
	"dependencies": {
		"@babel/runtime": {
			"version": "7.6.0",
			"resolved": "https://registry.npm.taobao.org/@babel/runtime/download/@babel/runtime-7.6.0.tgz?cache=0&other_urls=https%3A%2F%2Fregistry.npm.taobao.org%2F%40babel%2Fruntime%2Fdownload%2F%40babel%2Fruntime-7.6.0.tgz",
			"integrity": "sha1-T8HWQqn9Apl1Totd5ixjHPVWggU=",
			"requires": {
				"regenerator-runtime": "^0.13.2"
			}
		},
		"dom-helpers": {
			"version": "3.3.1",
			"resolved": "http://registry.npm.taobao.org/dom-helpers/download/dom-helpers-3.3.1.tgz",
			"integrity": "sha1-/BpOFf/fYN3eA6SAqcD+zoId1KY="
		},
		"hammerjs": {
			"version": "2.0.8",
			"resolved": "https://registry.npmjs.org/hammerjs/-/hammerjs-2.0.8.tgz",
			"integrity": "sha1-BO93hiz/K7edMPdpIJWTAiK/YPE="
		},
		"js-tokens": {
			"version": "4.0.0",
			"resolved": "http://registry.npm.taobao.org/js-tokens/download/js-tokens-4.0.0.tgz",
			"integrity": "sha1-GSA/tZmR35jjoocFDUZHzerzJJk="
		},
		"loose-envify": {
			"version": "1.4.0",
			"resolved": "http://registry.npm.taobao.org/loose-envify/download/loose-envify-1.4.0.tgz",
			"integrity": "sha1-ce5R+nvkyuwaY4OffmgtgTLTDK8=",
			"requires": {
				"js-tokens": "^3.0.0 || ^4.0.0"
			}
		},
		"memoize-one": {
			"version": "5.1.1",
			"resolved": "https://registry.npm.taobao.org/memoize-one/download/memoize-one-5.1.1.tgz",
			"integrity": "sha1-BHtuMZm1COrsA1BN5xIpuOsddcA="
		},
		"object-assign": {
			"version": "4.1.1",
			"resolved": "http://registry.npm.taobao.org/object-assign/download/object-assign-4.1.1.tgz",
			"integrity": "sha1-IQmtx5ZYh8/AXLvUQsrIv7s2CGM="
		},
		"prop-types": {
			"version": "15.6.2",
			"resolved": "http://registry.npm.taobao.org/prop-types/download/prop-types-15.6.2.tgz",
			"integrity": "sha1-BdXKd7RFPphdYPx/+MhZCUpJcQI=",
			"requires": {
				"loose-envify": "^1.3.1",
				"object-assign": "^4.1.1"
			}
		},
		"react-lifecycles-compat": {
			"version": "3.0.4",
			"resolved": "http://registry.npm.taobao.org/react-lifecycles-compat/download/react-lifecycles-compat-3.0.4.tgz",
			"integrity": "sha1-TxonOv38jzSIqMUWv9p4+HI1I2I="
		},
		"react-transition-group": {
			"version": "2.4.0",
			"resolved": "http://registry.npm.taobao.org/react-transition-group/download/react-transition-group-2.4.0.tgz",
			"integrity": "sha1-HZOR+r/YLgFvJvq9Huwynb2SK1o=",
			"requires": {
				"dom-helpers": "^3.3.1",
				"loose-envify": "^1.3.1",
				"prop-types": "^15.6.2",
				"react-lifecycles-compat": "^3.0.4"
			}
		},
		"react-window": {
			"version": "1.8.5",
			"resolved": "https://registry.npm.taobao.org/react-window/download/react-window-1.8.5.tgz",
			"integrity": "sha1-pWs5MH55l5chAh9dBqZ3QuzKUtE=",
			"requires": {
				"@babel/runtime": "^7.0.0",
				"memoize-one": ">=3.1.1 <6"
			}
		},
		"regenerator-runtime": {
			"version": "0.13.3",
			"resolved": "https://registry.npm.taobao.org/regenerator-runtime/download/regenerator-runtime-0.13.3.tgz",
			"integrity": "sha1-fPanfY9cb2Drc8X8GVWyzrAea/U="
		}
	}
}
