{
	"name": "@bnorth/core",
	"version": "4.1.0",
	"lockfileVersion": 1,
	"requires": true,
	"dependencies": {
		"@babel/runtime": {
			"version": "7.5.5",
			"resolved": "https://registry.npm.taobao.org/@babel/runtime/download/@babel/runtime-7.5.5.tgz",
			"integrity": "sha1-dPulbTXvvspEQJHHhQzNSU/S8TI=",
			"requires": {
				"regenerator-runtime": "^0.13.2"
			}
		},
		"history": {
			"version": "4.9.0",
			"resolved": "http://registry.npm.taobao.org/history/download/history-4.9.0.tgz",
			"integrity": "sha1-hFh8IGgDnq2K92np1qaGChT6G8o=",
			"requires": {
				"@babel/runtime": "^7.1.2",
				"loose-envify": "^1.2.0",
				"resolve-pathname": "^2.2.0",
				"tiny-invariant": "^1.0.2",
				"tiny-warning": "^1.0.0",
				"value-equal": "^0.4.0"
			}
		},
		"js-tokens": {
			"version": "4.0.0",
			"resolved": "http://registry.npm.taobao.org/js-tokens/download/js-tokens-4.0.0.tgz",
			"integrity": "sha1-GSA/tZmR35jjoocFDUZHzerzJJk="
		},
		"loose-envify": {
			"version": "1.4.0",
			"resolved": "http://registry.npm.taobao.org/loose-envify/download/loose-envify-1.4.0.tgz",
			"integrity": "sha1-ce5R+nvkyuwaY4OffmgtgTLTDK8=",
			"requires": {
				"js-tokens": "^3.0.0 || ^4.0.0"
			}
		},
		"object-assign": {
			"version": "4.1.1",
			"resolved": "http://registry.npm.taobao.org/object-assign/download/object-assign-4.1.1.tgz",
			"integrity": "sha1-IQmtx5ZYh8/AXLvUQsrIv7s2CGM="
		},
		"prop-types": {
			"version": "15.7.2",
			"resolved": "http://registry.npm.taobao.org/prop-types/download/prop-types-15.7.2.tgz",
			"integrity": "sha1-UsQedbjIfnK52TYOAga5ncv/psU=",
			"requires": {
				"loose-envify": "^1.4.0",
				"object-assign": "^4.1.1",
				"react-is": "^16.8.1"
			}
		},
		"react": {
			"version": "16.9.0",
			"resolved": "https://registry.npm.taobao.org/react/download/react-16.9.0.tgz",
			"integrity": "sha1-QLovmvE7waONddvy9DWaUYXE96o=",
			"requires": {
				"loose-envify": "^1.1.0",
				"object-assign": "^4.1.1",
				"prop-types": "^15.6.2"
			}
		},
		"react-dom": {
			"version": "16.9.0",
			"resolved": "https://registry.npm.taobao.org/react-dom/download/react-dom-16.9.0.tgz",
			"integrity": "sha1-XmVSel4m8irjcBExvMyu6fsNOWI=",
			"requires": {
				"loose-envify": "^1.1.0",
				"object-assign": "^4.1.1",
				"prop-types": "^15.6.2",
				"scheduler": "^0.15.0"
			}
		},
		"react-is": {
			"version": "16.9.0",
			"resolved": "https://registry.npm.taobao.org/react-is/download/react-is-16.9.0.tgz",
			"integrity": "sha1-IcqVYTmarQ/xp3AcAWg+jKmB7cs="
		},
		"regenerator-runtime": {
			"version": "0.13.3",
			"resolved": "https://registry.npm.taobao.org/regenerator-runtime/download/regenerator-runtime-0.13.3.tgz",
			"integrity": "sha1-fPanfY9cb2Drc8X8GVWyzrAea/U="
		},
		"resolve-pathname": {
			"version": "2.2.0",
			"resolved": "http://registry.npm.taobao.org/resolve-pathname/download/resolve-pathname-2.2.0.tgz",
			"integrity": "sha1-fpriHtgV/WOrGJre7mTcgx7vqHk="
		},
		"scheduler": {
			"version": "0.15.0",
			"resolved": "https://registry.npm.taobao.org/scheduler/download/scheduler-0.15.0.tgz?cache=0&sync_timestamp=1565317903688&other_urls=https%3A%2F%2Fregistry.npm.taobao.org%2Fscheduler%2Fdownload%2Fscheduler-0.15.0.tgz",
			"integrity": "sha1-a/z4D/hQsoD+1K7sxlE7wLTxf44=",
			"requires": {
				"loose-envify": "^1.1.0",
				"object-assign": "^4.1.1"
			}
		},
		"tiny-invariant": {
			"version": "1.0.6",
			"resolved": "https://registry.npm.taobao.org/tiny-invariant/download/tiny-invariant-1.0.6.tgz",
			"integrity": "sha1-s/mziDXjakHIQ6OwkHpaezdV3nM="
		},
		"tiny-warning": {
			"version": "1.0.3",
			"resolved": "https://registry.npm.taobao.org/tiny-warning/download/tiny-warning-1.0.3.tgz",
			"integrity": "sha1-lKMNtFPfTGQ9D9VmBg1gqHXYR1Q="
		},
		"value-equal": {
			"version": "0.4.0",
			"resolved": "http://registry.npm.taobao.org/value-equal/download/value-equal-0.4.0.tgz",
			"integrity": "sha1-xb3S9U7gk8BIOdcc4uR1imiQq8c="
		}
	}
}
