{
  "name": "bnorth-demo",
  "version": "0.0.0",
  "lockfileVersion": 1,
  "requires": true,
  "dependencies": {
    "bnorth-core": {
      "version": "file:../bnorth-core",
      "requires": {
        "history": "4.7.2",
        "path-to-regexp": "2.2.1",
        "react": "16.4.2",
        "react-dom": "16.4.2",
        "url-parse": "1.4.3"
      },
      "dependencies": {
        "asap": {
          "version": "2.0.6",
          "bundled": true
        },
        "core-js": {
          "version": "1.2.7",
          "bundled": true
        },
        "encoding": {
          "version": "0.1.12",
          "bundled": true,
          "requires": {
            "iconv-lite": "0.4.23"
          }
        },
        "fbjs": {
          "version": "0.8.17",
          "bundled": true,
          "requires": {
            "core-js": "1.2.7",
            "isomorphic-fetch": "2.2.1",
            "loose-envify": "1.4.0",
            "object-assign": "4.1.1",
            "promise": "7.3.1",
            "setimmediate": "1.0.5",
            "ua-parser-js": "0.7.18"
          }
        },
        "history": {
          "version": "4.7.2",
          "bundled": true,
          "requires": {
            "invariant": "2.2.4",
            "loose-envify": "1.4.0",
            "resolve-pathname": "2.2.0",
            "value-equal": "0.4.0",
            "warning": "3.0.0"
          }
        },
        "iconv-lite": {
          "version": "0.4.23",
          "bundled": true,
          "requires": {
            "safer-buffer": "2.1.2"
          }
        },
        "invariant": {
          "version": "2.2.4",
          "bundled": true,
          "requires": {
            "loose-envify": "1.4.0"
          }
        },
        "is-stream": {
          "version": "1.1.0",
          "bundled": true
        },
        "isomorphic-fetch": {
          "version": "2.2.1",
          "bundled": true,
          "requires": {
            "node-fetch": "1.7.3",
            "whatwg-fetch": "2.0.4"
          }
        },
        "js-tokens": {
          "version": "4.0.0",
          "bundled": true
        },
        "loose-envify": {
          "version": "1.4.0",
          "bundled": true,
          "requires": {
            "js-tokens": "4.0.0"
          }
        },
        "node-fetch": {
          "version": "1.7.3",
          "bundled": true,
          "requires": {
            "encoding": "0.1.12",
            "is-stream": "1.1.0"
          }
        },
        "object-assign": {
          "version": "4.1.1",
          "bundled": true
        },
        "path-to-regexp": {
          "version": "2.2.1",
          "bundled": true
        },
        "promise": {
          "version": "7.3.1",
          "bundled": true,
          "requires": {
            "asap": "2.0.6"
          }
        },
        "prop-types": {
          "version": "15.6.2",
          "bundled": true,
          "requires": {
            "loose-envify": "1.4.0",
            "object-assign": "4.1.1"
          }
        },
        "querystringify": {
          "version": "2.0.0",
          "bundled": true
        },
        "react": {
          "version": "16.4.2",
          "bundled": true,
          "requires": {
            "fbjs": "0.8.17",
            "loose-envify": "1.4.0",
            "object-assign": "4.1.1",
            "prop-types": "15.6.2"
          }
        },
        "react-dom": {
          "version": "16.4.2",
          "bundled": true,
          "requires": {
            "fbjs": "0.8.17",
            "loose-envify": "1.4.0",
            "object-assign": "4.1.1",
            "prop-types": "15.6.2"
          }
        },
        "requires-port": {
          "version": "1.0.0",
          "bundled": true
        },
        "resolve-pathname": {
          "version": "2.2.0",
          "bundled": true
        },
        "safer-buffer": {
          "version": "2.1.2",
          "bundled": true
        },
        "setimmediate": {
          "version": "1.0.5",
          "bundled": true
        },
        "ua-parser-js": {
          "version": "0.7.18",
          "bundled": true
        },
        "url-parse": {
          "version": "1.4.3",
          "bundled": true,
          "requires": {
            "querystringify": "2.0.0",
            "requires-port": "1.0.0"
          }
        },
        "value-equal": {
          "version": "0.4.0",
          "bundled": true
        },
        "warning": {
          "version": "3.0.0",
          "bundled": true,
          "requires": {
            "loose-envify": "1.4.0"
          }
        },
        "whatwg-fetch": {
          "version": "2.0.4",
          "bundled": true
        }
      }
    }
  }
}
